
Microsoft Visual Studio Solution File, Format Version 12.00
# Visual Studio Version 16
VisualStudioVersion = 16.0.28922.388
MinimumVisualStudioVersion = 10.0.40219.1
Project("{FAE04EC0-301F-11D3-BF4B-00C04F79EFBC}") = "helloworldSelahatinYesiloezIAF71", "helloworldSelahatinYesiloezIAF71\helloworldSelahatinYesiloezIAF71.csproj", "{F1B420F3-330B-4D54-A49F-4ECA3E103CAD}"
EndProject
Global
	GlobalSection(SolutionConfigurationPlatforms) = preSolution
		Debug|Any CPU = Debug|Any CPU
		Release|Any CPU = Release|Any CPU
	EndGlobalSection
	GlobalSection(ProjectConfigurationPlatforms) = postSolution
		{F1B420F3-330B-4D54-A49F-4ECA3E103CAD}.Debug|Any CPU.ActiveCfg = Debug|Any CPU
		{F1B420F3-330B-4D54-A49F-4ECA3E103CAD}.Debug|Any CPU.Build.0 = Debug|Any CPU
		{F1B420F3-330B-4D54-A49F-4ECA3E103CAD}.Release|Any CPU.ActiveCfg = Release|Any CPU
		{F1B420F3-330B-4D54-A49F-4ECA3E103CAD}.Release|Any CPU.Build.0 = Release|Any CPU
	EndGlobalSection
	GlobalSection(SolutionProperties) = preSolution
		HideSolutionNode = FALSE
	EndGlobalSection
	GlobalSection(ExtensibilityGlobals) = postSolution
		SolutionGuid = {7E34AF97-0875-46B4-B5ED-1DED4B9CBE43}
	EndGlobalSection
EndGlobal
